
Microsoft Visual Studio Solution File, Format Version 12.00
# Visual Studio Version 17
VisualStudioVersion = 17.9.34728.123
MinimumVisualStudioVersion = 10.0.40219.1
Project("{9A19103F-16F7-4668-BE54-9A1E7A4F7556}") = "Logic", "Logic\Logic.csproj", "{8D1F06D6-13A9-4609-8712-2715D59E14FC}"
EndProject
Project("{9A19103F-16F7-4668-BE54-9A1E7A4F7556}") = "Tests", "Tests\Tests.csproj", "{A909E21A-DB78-4528-9F08-9319F0B7495A}"
EndProject
Project("{9A19103F-16F7-4668-BE54-9A1E7A4F7556}") = "ConsoleApp", "Console\ConsoleApp.csproj", "{DA3E41F9-2F86-4953-8165-760CEC943C30}"
EndProject
Global
	GlobalSection(SolutionConfigurationPlatforms) = preSolution
		Debug|Any CPU = Debug|Any CPU
		Release|Any CPU = Release|Any CPU
	EndGlobalSection
	GlobalSection(ProjectConfigurationPlatforms) = postSolution
		{8D1F06D6-13A9-4609-8712-2715D59E14FC}.Debug|Any CPU.ActiveCfg = Debug|Any CPU
		{8D1F06D6-13A9-4609-8712-2715D59E14FC}.Debug|Any CPU.Build.0 = Debug|Any CPU
		{8D1F06D6-13A9-4609-8712-2715D59E14FC}.Release|Any CPU.ActiveCfg = Release|Any CPU
		{8D1F06D6-13A9-4609-8712-2715D59E14FC}.Release|Any CPU.Build.0 = Release|Any CPU
		{A909E21A-DB78-4528-9F08-9319F0B7495A}.Debug|Any CPU.ActiveCfg = Debug|Any CPU
		{A909E21A-DB78-4528-9F08-9319F0B7495A}.Debug|Any CPU.Build.0 = Debug|Any CPU
		{A909E21A-DB78-4528-9F08-9319F0B7495A}.Release|Any CPU.ActiveCfg = Release|Any CPU
		{A909E21A-DB78-4528-9F08-9319F0B7495A}.Release|Any CPU.Build.0 = Release|Any CPU
		{DA3E41F9-2F86-4953-8165-760CEC943C30}.Debug|Any CPU.ActiveCfg = Debug|Any CPU
		{DA3E41F9-2F86-4953-8165-760CEC943C30}.Debug|Any CPU.Build.0 = Debug|Any CPU
		{DA3E41F9-2F86-4953-8165-760CEC943C30}.Release|Any CPU.ActiveCfg = Release|Any CPU
		{DA3E41F9-2F86-4953-8165-760CEC943C30}.Release|Any CPU.Build.0 = Release|Any CPU
	EndGlobalSection
	GlobalSection(SolutionProperties) = preSolution
		HideSolutionNode = FALSE
	EndGlobalSection
	GlobalSection(ExtensibilityGlobals) = postSolution
		SolutionGuid = {3941AFD3-A86A-44AC-8185-413B326580FB}
	EndGlobalSection
EndGlobal
