
Microsoft Visual Studio Solution File, Format Version 12.00
# Visual Studio Version 17
VisualStudioVersion = 17.9.34728.123
MinimumVisualStudioVersion = 10.0.40219.1
Project("{FAE04EC0-301F-11D3-BF4B-00C04F79EFBC}") = "Logic", "Logic\Logic.csproj", "{8D1F06D6-13A9-4609-8712-2715D59E14FC}"
EndProject
Global
	GlobalSection(SolutionConfigurationPlatforms) = preSolution
		Debug|Any CPU = Debug|Any CPU
		Release|Any CPU = Release|Any CPU
	EndGlobalSection
	GlobalSection(ProjectConfigurationPlatforms) = postSolution
		{8D1F06D6-13A9-4609-8712-2715D59E14FC}.Debug|Any CPU.ActiveCfg = Debug|Any CPU
		{8D1F06D6-13A9-4609-8712-2715D59E14FC}.Debug|Any CPU.Build.0 = Debug|Any CPU
		{8D1F06D6-13A9-4609-8712-2715D59E14FC}.Release|Any CPU.ActiveCfg = Release|Any CPU
		{8D1F06D6-13A9-4609-8712-2715D59E14FC}.Release|Any CPU.Build.0 = Release|Any CPU
	EndGlobalSection
	GlobalSection(SolutionProperties) = preSolution
		HideSolutionNode = FALSE
	EndGlobalSection
	GlobalSection(ExtensibilityGlobals) = postSolution
		SolutionGuid = {3941AFD3-A86A-44AC-8185-413B326580FB}
	EndGlobalSection
EndGlobal
